
Microsoft Visual Studio Solution File, Format Version 12.00
# Visual Studio 15
VisualStudioVersion = 15.0.26124.0
MinimumVisualStudioVersion = 15.0.26124.0
Project("{FAE04EC0-301F-11D3-BF4B-00C04F79EFBC}") = "console1", "console1\console1.csproj", "{AD7B6FB3-30DD-4111-8CC0-D1353A5398DD}"
EndProject
Project("{FAE04EC0-301F-11D3-BF4B-00C04F79EFBC}") = "console2", "console2\console2.csproj", "{E342500B-AD63-44A3-925D-CE00F4A34C3D}"
EndProject
Project("{FAE04EC0-301F-11D3-BF4B-00C04F79EFBC}") = "DartApp", "DartApp\DartApp.csproj", "{F989EA3E-16B0-48C7-8169-83FF50FFB6D7}"
EndProject
Project("{FAE04EC0-301F-11D3-BF4B-00C04F79EFBC}") = "Testing", "Testing\Testing.csproj", "{063EDCF0-58E5-4ABF-B201-B6DD88AC7E5F}"
EndProject
Global
	GlobalSection(SolutionConfigurationPlatforms) = preSolution
		Debug|Any CPU = Debug|Any CPU
		Debug|x64 = Debug|x64
		Debug|x86 = Debug|x86
		Release|Any CPU = Release|Any CPU
		Release|x64 = Release|x64
		Release|x86 = Release|x86
	EndGlobalSection
	GlobalSection(SolutionProperties) = preSolution
		HideSolutionNode = FALSE
	EndGlobalSection
	GlobalSection(ProjectConfigurationPlatforms) = postSolution
		{AD7B6FB3-30DD-4111-8CC0-D1353A5398DD}.Debug|Any CPU.ActiveCfg = Debug|Any CPU
		{AD7B6FB3-30DD-4111-8CC0-D1353A5398DD}.Debug|Any CPU.Build.0 = Debug|Any CPU
		{AD7B6FB3-30DD-4111-8CC0-D1353A5398DD}.Debug|x64.ActiveCfg = Debug|Any CPU
		{AD7B6FB3-30DD-4111-8CC0-D1353A5398DD}.Debug|x64.Build.0 = Debug|Any CPU
		{AD7B6FB3-30DD-4111-8CC0-D1353A5398DD}.Debug|x86.ActiveCfg = Debug|Any CPU
		{AD7B6FB3-30DD-4111-8CC0-D1353A5398DD}.Debug|x86.Build.0 = Debug|Any CPU
		{AD7B6FB3-30DD-4111-8CC0-D1353A5398DD}.Release|Any CPU.ActiveCfg = Release|Any CPU
		{AD7B6FB3-30DD-4111-8CC0-D1353A5398DD}.Release|Any CPU.Build.0 = Release|Any CPU
		{AD7B6FB3-30DD-4111-8CC0-D1353A5398DD}.Release|x64.ActiveCfg = Release|Any CPU
		{AD7B6FB3-30DD-4111-8CC0-D1353A5398DD}.Release|x64.Build.0 = Release|Any CPU
		{AD7B6FB3-30DD-4111-8CC0-D1353A5398DD}.Release|x86.ActiveCfg = Release|Any CPU
		{AD7B6FB3-30DD-4111-8CC0-D1353A5398DD}.Release|x86.Build.0 = Release|Any CPU
		{6A8445BE-F1A3-4E4A-BC03-8E2DA249F0B2}.Debug|Any CPU.ActiveCfg = Debug|Any CPU
		{6A8445BE-F1A3-4E4A-BC03-8E2DA249F0B2}.Debug|Any CPU.Build.0 = Debug|Any CPU
		{6A8445BE-F1A3-4E4A-BC03-8E2DA249F0B2}.Debug|x64.ActiveCfg = Debug|Any CPU
		{6A8445BE-F1A3-4E4A-BC03-8E2DA249F0B2}.Debug|x64.Build.0 = Debug|Any CPU
		{6A8445BE-F1A3-4E4A-BC03-8E2DA249F0B2}.Debug|x86.ActiveCfg = Debug|Any CPU
		{6A8445BE-F1A3-4E4A-BC03-8E2DA249F0B2}.Debug|x86.Build.0 = Debug|Any CPU
		{6A8445BE-F1A3-4E4A-BC03-8E2DA249F0B2}.Release|Any CPU.ActiveCfg = Release|Any CPU
		{6A8445BE-F1A3-4E4A-BC03-8E2DA249F0B2}.Release|Any CPU.Build.0 = Release|Any CPU
		{6A8445BE-F1A3-4E4A-BC03-8E2DA249F0B2}.Release|x64.ActiveCfg = Release|Any CPU
		{6A8445BE-F1A3-4E4A-BC03-8E2DA249F0B2}.Release|x64.Build.0 = Release|Any CPU
		{6A8445BE-F1A3-4E4A-BC03-8E2DA249F0B2}.Release|x86.ActiveCfg = Release|Any CPU
		{6A8445BE-F1A3-4E4A-BC03-8E2DA249F0B2}.Release|x86.Build.0 = Release|Any CPU
		{E342500B-AD63-44A3-925D-CE00F4A34C3D}.Debug|Any CPU.ActiveCfg = Debug|Any CPU
		{E342500B-AD63-44A3-925D-CE00F4A34C3D}.Debug|Any CPU.Build.0 = Debug|Any CPU
		{E342500B-AD63-44A3-925D-CE00F4A34C3D}.Debug|x64.ActiveCfg = Debug|Any CPU
		{E342500B-AD63-44A3-925D-CE00F4A34C3D}.Debug|x64.Build.0 = Debug|Any CPU
		{E342500B-AD63-44A3-925D-CE00F4A34C3D}.Debug|x86.ActiveCfg = Debug|Any CPU
		{E342500B-AD63-44A3-925D-CE00F4A34C3D}.Debug|x86.Build.0 = Debug|Any CPU
		{E342500B-AD63-44A3-925D-CE00F4A34C3D}.Release|Any CPU.ActiveCfg = Release|Any CPU
		{E342500B-AD63-44A3-925D-CE00F4A34C3D}.Release|Any CPU.Build.0 = Release|Any CPU
		{E342500B-AD63-44A3-925D-CE00F4A34C3D}.Release|x64.ActiveCfg = Release|Any CPU
		{E342500B-AD63-44A3-925D-CE00F4A34C3D}.Release|x64.Build.0 = Release|Any CPU
		{E342500B-AD63-44A3-925D-CE00F4A34C3D}.Release|x86.ActiveCfg = Release|Any CPU
		{E342500B-AD63-44A3-925D-CE00F4A34C3D}.Release|x86.Build.0 = Release|Any CPU
		{F989EA3E-16B0-48C7-8169-83FF50FFB6D7}.Debug|Any CPU.ActiveCfg = Debug|Any CPU
		{F989EA3E-16B0-48C7-8169-83FF50FFB6D7}.Debug|Any CPU.Build.0 = Debug|Any CPU
		{F989EA3E-16B0-48C7-8169-83FF50FFB6D7}.Debug|x64.ActiveCfg = Debug|Any CPU
		{F989EA3E-16B0-48C7-8169-83FF50FFB6D7}.Debug|x64.Build.0 = Debug|Any CPU
		{F989EA3E-16B0-48C7-8169-83FF50FFB6D7}.Debug|x86.ActiveCfg = Debug|Any CPU
		{F989EA3E-16B0-48C7-8169-83FF50FFB6D7}.Debug|x86.Build.0 = Debug|Any CPU
		{F989EA3E-16B0-48C7-8169-83FF50FFB6D7}.Release|Any CPU.ActiveCfg = Release|Any CPU
		{F989EA3E-16B0-48C7-8169-83FF50FFB6D7}.Release|Any CPU.Build.0 = Release|Any CPU
		{F989EA3E-16B0-48C7-8169-83FF50FFB6D7}.Release|x64.ActiveCfg = Release|Any CPU
		{F989EA3E-16B0-48C7-8169-83FF50FFB6D7}.Release|x64.Build.0 = Release|Any CPU
		{F989EA3E-16B0-48C7-8169-83FF50FFB6D7}.Release|x86.ActiveCfg = Release|Any CPU
		{F989EA3E-16B0-48C7-8169-83FF50FFB6D7}.Release|x86.Build.0 = Release|Any CPU
		{063EDCF0-58E5-4ABF-B201-B6DD88AC7E5F}.Debug|Any CPU.ActiveCfg = Debug|Any CPU
		{063EDCF0-58E5-4ABF-B201-B6DD88AC7E5F}.Debug|Any CPU.Build.0 = Debug|Any CPU
		{063EDCF0-58E5-4ABF-B201-B6DD88AC7E5F}.Debug|x64.ActiveCfg = Debug|Any CPU
		{063EDCF0-58E5-4ABF-B201-B6DD88AC7E5F}.Debug|x64.Build.0 = Debug|Any CPU
		{063EDCF0-58E5-4ABF-B201-B6DD88AC7E5F}.Debug|x86.ActiveCfg = Debug|Any CPU
		{063EDCF0-58E5-4ABF-B201-B6DD88AC7E5F}.Debug|x86.Build.0 = Debug|Any CPU
		{063EDCF0-58E5-4ABF-B201-B6DD88AC7E5F}.Release|Any CPU.ActiveCfg = Release|Any CPU
		{063EDCF0-58E5-4ABF-B201-B6DD88AC7E5F}.Release|Any CPU.Build.0 = Release|Any CPU
		{063EDCF0-58E5-4ABF-B201-B6DD88AC7E5F}.Release|x64.ActiveCfg = Release|Any CPU
		{063EDCF0-58E5-4ABF-B201-B6DD88AC7E5F}.Release|x64.Build.0 = Release|Any CPU
		{063EDCF0-58E5-4ABF-B201-B6DD88AC7E5F}.Release|x86.ActiveCfg = Release|Any CPU
		{063EDCF0-58E5-4ABF-B201-B6DD88AC7E5F}.Release|x86.Build.0 = Release|Any CPU
	EndGlobalSection
EndGlobal
