
Microsoft Visual Studio Solution File, Format Version 12.00
# Visual Studio Version 16
VisualStudioVersion = 16.0.31205.134
MinimumVisualStudioVersion = 10.0.40219.1
Project("{FAE04EC0-301F-11D3-BF4B-00C04F79EFBC}") = "AsyncExample", "AsyncExample.csproj", "{BEBB92D9-43B6-4BA8-9A3B-6BBC521C14DB}"
EndProject
Global
	GlobalSection(SolutionConfigurationPlatforms) = preSolution
		Debug|Any CPU = Debug|Any CPU
		Release|Any CPU = Release|Any CPU
	EndGlobalSection
	GlobalSection(ProjectConfigurationPlatforms) = postSolution
		{BEBB92D9-43B6-4BA8-9A3B-6BBC521C14DB}.Debug|Any CPU.ActiveCfg = Debug|Any CPU
		{BEBB92D9-43B6-4BA8-9A3B-6BBC521C14DB}.Debug|Any CPU.Build.0 = Debug|Any CPU
		{BEBB92D9-43B6-4BA8-9A3B-6BBC521C14DB}.Release|Any CPU.ActiveCfg = Release|Any CPU
		{BEBB92D9-43B6-4BA8-9A3B-6BBC521C14DB}.Release|Any CPU.Build.0 = Release|Any CPU
	EndGlobalSection
	GlobalSection(SolutionProperties) = preSolution
		HideSolutionNode = FALSE
	EndGlobalSection
	GlobalSection(ExtensibilityGlobals) = postSolution
		SolutionGuid = {AC524452-331B-4B1A-9AE5-89A95CE1AEC6}
	EndGlobalSection
EndGlobal
